
Microsoft Visual Studio Solution File, Format Version 12.00
# Visual Studio 15
VisualStudioVersion = 15.0.26124.0
MinimumVisualStudioVersion = 15.0.26124.0
Project("{FAE04EC0-301F-11D3-BF4B-00C04F79EFBC}") = "Principle.Demo.Domain", "Principle.Demo.Domain\Principle.Demo.Domain.csproj", "{88EA7C90-0DB9-4731-9226-3A796CB490D7}"
EndProject
Project("{FAE04EC0-301F-11D3-BF4B-00C04F79EFBC}") = "Principle.Demo.Host", "Principle.Demo.Host\Principle.Demo.Host.csproj", "{B326030A-C666-46C5-8092-B5677D5DB5EE}"
EndProject
Project("{FAE04EC0-301F-11D3-BF4B-00C04F79EFBC}") = "Principle.Demo.Test", "Principle.Demo.Test\Principle.Demo.Test.csproj", "{226121AF-76F2-4EB5-A7CA-B024AB5A277C}"
EndProject
Global
	GlobalSection(SolutionConfigurationPlatforms) = preSolution
		Debug|Any CPU = Debug|Any CPU
		Debug|x64 = Debug|x64
		Debug|x86 = Debug|x86
		Release|Any CPU = Release|Any CPU
		Release|x64 = Release|x64
		Release|x86 = Release|x86
	EndGlobalSection
	GlobalSection(SolutionProperties) = preSolution
		HideSolutionNode = FALSE
	EndGlobalSection
	GlobalSection(ProjectConfigurationPlatforms) = postSolution
		{88EA7C90-0DB9-4731-9226-3A796CB490D7}.Debug|Any CPU.ActiveCfg = Debug|Any CPU
		{88EA7C90-0DB9-4731-9226-3A796CB490D7}.Debug|Any CPU.Build.0 = Debug|Any CPU
		{88EA7C90-0DB9-4731-9226-3A796CB490D7}.Debug|x64.ActiveCfg = Debug|Any CPU
		{88EA7C90-0DB9-4731-9226-3A796CB490D7}.Debug|x64.Build.0 = Debug|Any CPU
		{88EA7C90-0DB9-4731-9226-3A796CB490D7}.Debug|x86.ActiveCfg = Debug|Any CPU
		{88EA7C90-0DB9-4731-9226-3A796CB490D7}.Debug|x86.Build.0 = Debug|Any CPU
		{88EA7C90-0DB9-4731-9226-3A796CB490D7}.Release|Any CPU.ActiveCfg = Release|Any CPU
		{88EA7C90-0DB9-4731-9226-3A796CB490D7}.Release|Any CPU.Build.0 = Release|Any CPU
		{88EA7C90-0DB9-4731-9226-3A796CB490D7}.Release|x64.ActiveCfg = Release|Any CPU
		{88EA7C90-0DB9-4731-9226-3A796CB490D7}.Release|x64.Build.0 = Release|Any CPU
		{88EA7C90-0DB9-4731-9226-3A796CB490D7}.Release|x86.ActiveCfg = Release|Any CPU
		{88EA7C90-0DB9-4731-9226-3A796CB490D7}.Release|x86.Build.0 = Release|Any CPU
		{B326030A-C666-46C5-8092-B5677D5DB5EE}.Debug|Any CPU.ActiveCfg = Debug|Any CPU
		{B326030A-C666-46C5-8092-B5677D5DB5EE}.Debug|Any CPU.Build.0 = Debug|Any CPU
		{B326030A-C666-46C5-8092-B5677D5DB5EE}.Debug|x64.ActiveCfg = Debug|Any CPU
		{B326030A-C666-46C5-8092-B5677D5DB5EE}.Debug|x64.Build.0 = Debug|Any CPU
		{B326030A-C666-46C5-8092-B5677D5DB5EE}.Debug|x86.ActiveCfg = Debug|Any CPU
		{B326030A-C666-46C5-8092-B5677D5DB5EE}.Debug|x86.Build.0 = Debug|Any CPU
		{B326030A-C666-46C5-8092-B5677D5DB5EE}.Release|Any CPU.ActiveCfg = Release|Any CPU
		{B326030A-C666-46C5-8092-B5677D5DB5EE}.Release|Any CPU.Build.0 = Release|Any CPU
		{B326030A-C666-46C5-8092-B5677D5DB5EE}.Release|x64.ActiveCfg = Release|Any CPU
		{B326030A-C666-46C5-8092-B5677D5DB5EE}.Release|x64.Build.0 = Release|Any CPU
		{B326030A-C666-46C5-8092-B5677D5DB5EE}.Release|x86.ActiveCfg = Release|Any CPU
		{B326030A-C666-46C5-8092-B5677D5DB5EE}.Release|x86.Build.0 = Release|Any CPU
		{226121AF-76F2-4EB5-A7CA-B024AB5A277C}.Debug|Any CPU.ActiveCfg = Debug|Any CPU
		{226121AF-76F2-4EB5-A7CA-B024AB5A277C}.Debug|Any CPU.Build.0 = Debug|Any CPU
		{226121AF-76F2-4EB5-A7CA-B024AB5A277C}.Debug|x64.ActiveCfg = Debug|Any CPU
		{226121AF-76F2-4EB5-A7CA-B024AB5A277C}.Debug|x64.Build.0 = Debug|Any CPU
		{226121AF-76F2-4EB5-A7CA-B024AB5A277C}.Debug|x86.ActiveCfg = Debug|Any CPU
		{226121AF-76F2-4EB5-A7CA-B024AB5A277C}.Debug|x86.Build.0 = Debug|Any CPU
		{226121AF-76F2-4EB5-A7CA-B024AB5A277C}.Release|Any CPU.ActiveCfg = Release|Any CPU
		{226121AF-76F2-4EB5-A7CA-B024AB5A277C}.Release|Any CPU.Build.0 = Release|Any CPU
		{226121AF-76F2-4EB5-A7CA-B024AB5A277C}.Release|x64.ActiveCfg = Release|Any CPU
		{226121AF-76F2-4EB5-A7CA-B024AB5A277C}.Release|x64.Build.0 = Release|Any CPU
		{226121AF-76F2-4EB5-A7CA-B024AB5A277C}.Release|x86.ActiveCfg = Release|Any CPU
		{226121AF-76F2-4EB5-A7CA-B024AB5A277C}.Release|x86.Build.0 = Release|Any CPU
	EndGlobalSection
EndGlobal
